
Microsoft Visual Studio Solution File, Format Version 12.00
# Visual Studio 15
VisualStudioVersion = 15.0.28307.271
MinimumVisualStudioVersion = 10.0.40219.1
Project("{FAE04EC0-301F-11D3-BF4B-00C04F79EFBC}") = "ConsoleUI", "ConsoleUI\ConsoleUI.csproj", "{91BEB30E-B44C-4FF2-8F52-221BD35A63C5}"
EndProject
Global
	GlobalSection(SolutionConfigurationPlatforms) = preSolution
		Debug|Any CPU = Debug|Any CPU
		Release|Any CPU = Release|Any CPU
	EndGlobalSection
	GlobalSection(ProjectConfigurationPlatforms) = postSolution
		{91BEB30E-B44C-4FF2-8F52-221BD35A63C5}.Debug|Any CPU.ActiveCfg = Debug|Any CPU
		{91BEB30E-B44C-4FF2-8F52-221BD35A63C5}.Debug|Any CPU.Build.0 = Debug|Any CPU
		{91BEB30E-B44C-4FF2-8F52-221BD35A63C5}.Release|Any CPU.ActiveCfg = Release|Any CPU
		{91BEB30E-B44C-4FF2-8F52-221BD35A63C5}.Release|Any CPU.Build.0 = Release|Any CPU
	EndGlobalSection
	GlobalSection(SolutionProperties) = preSolution
		HideSolutionNode = FALSE
	EndGlobalSection
	GlobalSection(ExtensibilityGlobals) = postSolution
		SolutionGuid = {4BC5D1D7-AA75-4D4E-A334-1D371F0E7908}
	EndGlobalSection
EndGlobal
