
Microsoft Visual Studio Solution File, Format Version 12.00
# Visual Studio 15
VisualStudioVersion = 15.0.28307.329
MinimumVisualStudioVersion = 10.0.40219.1
Project("{FAE04EC0-301F-11D3-BF4B-00C04F79EFBC}") = "ConsoleUI", "ConsoleUI\ConsoleUI.csproj", "{7D6493E3-9E5F-4772-9269-1E14E0E3F511}"
EndProject
Global
	GlobalSection(SolutionConfigurationPlatforms) = preSolution
		Debug|Any CPU = Debug|Any CPU
		Release|Any CPU = Release|Any CPU
	EndGlobalSection
	GlobalSection(ProjectConfigurationPlatforms) = postSolution
		{7D6493E3-9E5F-4772-9269-1E14E0E3F511}.Debug|Any CPU.ActiveCfg = Debug|Any CPU
		{7D6493E3-9E5F-4772-9269-1E14E0E3F511}.Debug|Any CPU.Build.0 = Debug|Any CPU
		{7D6493E3-9E5F-4772-9269-1E14E0E3F511}.Release|Any CPU.ActiveCfg = Release|Any CPU
		{7D6493E3-9E5F-4772-9269-1E14E0E3F511}.Release|Any CPU.Build.0 = Release|Any CPU
	EndGlobalSection
	GlobalSection(SolutionProperties) = preSolution
		HideSolutionNode = FALSE
	EndGlobalSection
	GlobalSection(ExtensibilityGlobals) = postSolution
		SolutionGuid = {F986253F-0B39-44EA-8140-2BF3A16AE72A}
	EndGlobalSection
EndGlobal
