
Microsoft Visual Studio Solution File, Format Version 12.00
# Visual Studio 15
VisualStudioVersion = 15.0.28307.271
MinimumVisualStudioVersion = 10.0.40219.1
Project("{FAE04EC0-301F-11D3-BF4B-00C04F79EFBC}") = "ConsoleUI", "ConsoleUI\ConsoleUI.csproj", "{09D955C8-4EB8-4053-81C1-4992508E7B2F}"
EndProject
Global
	GlobalSection(SolutionConfigurationPlatforms) = preSolution
		Debug|Any CPU = Debug|Any CPU
		Release|Any CPU = Release|Any CPU
	EndGlobalSection
	GlobalSection(ProjectConfigurationPlatforms) = postSolution
		{09D955C8-4EB8-4053-81C1-4992508E7B2F}.Debug|Any CPU.ActiveCfg = Debug|Any CPU
		{09D955C8-4EB8-4053-81C1-4992508E7B2F}.Debug|Any CPU.Build.0 = Debug|Any CPU
		{09D955C8-4EB8-4053-81C1-4992508E7B2F}.Release|Any CPU.ActiveCfg = Release|Any CPU
		{09D955C8-4EB8-4053-81C1-4992508E7B2F}.Release|Any CPU.Build.0 = Release|Any CPU
	EndGlobalSection
	GlobalSection(SolutionProperties) = preSolution
		HideSolutionNode = FALSE
	EndGlobalSection
	GlobalSection(ExtensibilityGlobals) = postSolution
		SolutionGuid = {259E2B4C-6AD3-4A1A-B39A-497B080B6ED6}
	EndGlobalSection
EndGlobal
